PODS:
  - AppCenter/Analytics (2.2.0):
    - AppCenter/Core
  - AppCenter/Core (2.2.0)
  - AppCenter/Crashes (2.2.0):
    - AppCenter/Core
  - AppCenter/Push (2.2.0):
    - AppCenter/Core
  - AppCenterReactNativeShared (2.2.0):
    - AppCenter/Core (= 2.2.0)
  - Crashlytics (3.12.0):
    - Fabric (~> 1.9.0)
  - Fabric (1.9.0)

DEPENDENCIES:
  - AppCenter/Analytics (~> 2.2.0)
  - AppCenter/Crashes (~> 2.2.0)
  - AppCenter/Push (~> 2.2.0)
  - AppCenterReactNativeShared (~> 2.2.0)
  - Crashlytics (~> 3.12.0)
  - Fabric (~> 1.9.0)

SPEC REPOS:
  trunk:
    - AppCenter
    - AppCenterReactNativeShared
    - Crashlytics
    - Fabric

SPEC CHECKSUMS:
  AppCenter: c809e69d93218b9861b4f8e54ded8dcf4d2131e7
  AppCenterReactNativeShared: 5751a607a8aa06ebf19b48bf9d92bf3a75dab04e
  Crashlytics: a33af323773f73904037dc2e684cd2f0d29f4fe2
  Fabric: 09ef2d9b99b104702bede1acaf469fb8f20a9146

PODFILE CHECKSUM: ae517a2d969007d7a33c25f8e9373c922a3c5bc1

COCOAPODS: 1.10.1
